
Microsoft Visual Studio Solution File, Format Version 12.00
# Visual Studio Version 17
VisualStudioVersion = 17.8.34511.84
MinimumVisualStudioVersion = 10.0.40219.1
Project("{8BC9CEB8-8B4A-11D0-8D11-00A0C91BC942}") = "syntax highkights", "syntax highkights\syntax highkights.vcxproj", "{645F8799-14D5-4DD6-80F3-768D6000F445}"
EndProject
Global
	GlobalSection(SolutionConfigurationPlatforms) = preSolution
		Debug|x64 = Debug|x64
		Debug|x86 = Debug|x86
		Release|x64 = Release|x64
		Release|x86 = Release|x86
	EndGlobalSection
	GlobalSection(ProjectConfigurationPlatforms) = postSolution
		{645F8799-14D5-4DD6-80F3-768D6000F445}.Debug|x64.ActiveCfg = Debug|x64
		{645F8799-14D5-4DD6-80F3-768D6000F445}.Debug|x64.Build.0 = Debug|x64
		{645F8799-14D5-4DD6-80F3-768D6000F445}.Debug|x86.ActiveCfg = Debug|Win32
		{645F8799-14D5-4DD6-80F3-768D6000F445}.Debug|x86.Build.0 = Debug|Win32
		{645F8799-14D5-4DD6-80F3-768D6000F445}.Release|x64.ActiveCfg = Release|x64
		{645F8799-14D5-4DD6-80F3-768D6000F445}.Release|x64.Build.0 = Release|x64
		{645F8799-14D5-4DD6-80F3-768D6000F445}.Release|x86.ActiveCfg = Release|Win32
		{645F8799-14D5-4DD6-80F3-768D6000F445}.Release|x86.Build.0 = Release|Win32
	EndGlobalSection
	GlobalSection(SolutionProperties) = preSolution
		HideSolutionNode = FALSE
	EndGlobalSection
	GlobalSection(ExtensibilityGlobals) = postSolution
		SolutionGuid = {D47C9995-D562-4576-8E1C-DD0B68744845}
	EndGlobalSection
EndGlobal
